
Microsoft Visual Studio Solution File, Format Version 11.00
# Visual Studio 2010
Project("{FAE04EC0-301F-11D3-BF4B-00C04F79EFBC}") = "MugShot.CommandLine", "MugShot.CommandLine\MugShot.CommandLine.csproj", "{6FF5ABCA-E9A5-4C91-9690-B1A309516282}"
EndProject
Project("{FAE04EC0-301F-11D3-BF4B-00C04F79EFBC}") = "MugShot.Lib", "MugShot.Lib\MugShot.Lib.csproj", "{4AF1193A-207E-43D0-B8C9-2904E2D9F845}"
EndProject
Project("{FAE04EC0-301F-11D3-BF4B-00C04F79EFBC}") = "MugShot.Web", "MugShot.Web\MugShot.Web.csproj", "{86EBF1D5-DF9B-49BD-809D-6A5FC8DA19FD}"
EndProject
Project("{FAE04EC0-301F-11D3-BF4B-00C04F79EFBC}") = "MugShot.Service", "MugShot.Service\MugShot.Service.csproj", "{FFAE6101-8FEC-4DDF-A01D-825105CEEE18}"
EndProject
Global
	GlobalSection(SolutionConfigurationPlatforms) = preSolution
		Debug|Any CPU = Debug|Any CPU
		Debug|Mixed Platforms = Debug|Mixed Platforms
		Debug|x86 = Debug|x86
		Release|Any CPU = Release|Any CPU
		Release|Mixed Platforms = Release|Mixed Platforms
		Release|x86 = Release|x86
	EndGlobalSection
	GlobalSection(ProjectConfigurationPlatforms) = postSolution
		{6FF5ABCA-E9A5-4C91-9690-B1A309516282}.Debug|Any CPU.ActiveCfg = Debug|x86
		{6FF5ABCA-E9A5-4C91-9690-B1A309516282}.Debug|Mixed Platforms.ActiveCfg = Debug|x86
		{6FF5ABCA-E9A5-4C91-9690-B1A309516282}.Debug|Mixed Platforms.Build.0 = Debug|x86
		{6FF5ABCA-E9A5-4C91-9690-B1A309516282}.Debug|x86.ActiveCfg = Debug|x86
		{6FF5ABCA-E9A5-4C91-9690-B1A309516282}.Debug|x86.Build.0 = Debug|x86
		{6FF5ABCA-E9A5-4C91-9690-B1A309516282}.Release|Any CPU.ActiveCfg = Release|x86
		{6FF5ABCA-E9A5-4C91-9690-B1A309516282}.Release|Mixed Platforms.ActiveCfg = Release|x86
		{6FF5ABCA-E9A5-4C91-9690-B1A309516282}.Release|Mixed Platforms.Build.0 = Release|x86
		{6FF5ABCA-E9A5-4C91-9690-B1A309516282}.Release|x86.ActiveCfg = Release|x86
		{6FF5ABCA-E9A5-4C91-9690-B1A309516282}.Release|x86.Build.0 = Release|x86
		{4AF1193A-207E-43D0-B8C9-2904E2D9F845}.Debug|Any CPU.ActiveCfg = Debug|Any CPU
		{4AF1193A-207E-43D0-B8C9-2904E2D9F845}.Debug|Any CPU.Build.0 = Debug|Any CPU
		{4AF1193A-207E-43D0-B8C9-2904E2D9F845}.Debug|Mixed Platforms.ActiveCfg = Debug|Any CPU
		{4AF1193A-207E-43D0-B8C9-2904E2D9F845}.Debug|Mixed Platforms.Build.0 = Debug|Any CPU
		{4AF1193A-207E-43D0-B8C9-2904E2D9F845}.Debug|x86.ActiveCfg = Debug|Any CPU
		{4AF1193A-207E-43D0-B8C9-2904E2D9F845}.Release|Any CPU.ActiveCfg = Release|Any CPU
		{4AF1193A-207E-43D0-B8C9-2904E2D9F845}.Release|Any CPU.Build.0 = Release|Any CPU
		{4AF1193A-207E-43D0-B8C9-2904E2D9F845}.Release|Mixed Platforms.ActiveCfg = Release|Any CPU
		{4AF1193A-207E-43D0-B8C9-2904E2D9F845}.Release|Mixed Platforms.Build.0 = Release|Any CPU
		{4AF1193A-207E-43D0-B8C9-2904E2D9F845}.Release|x86.ActiveCfg = Release|Any CPU
		{86EBF1D5-DF9B-49BD-809D-6A5FC8DA19FD}.Debug|Any CPU.ActiveCfg = Debug|Any CPU
		{86EBF1D5-DF9B-49BD-809D-6A5FC8DA19FD}.Debug|Any CPU.Build.0 = Debug|Any CPU
		{86EBF1D5-DF9B-49BD-809D-6A5FC8DA19FD}.Debug|Mixed Platforms.ActiveCfg = Debug|Any CPU
		{86EBF1D5-DF9B-49BD-809D-6A5FC8DA19FD}.Debug|Mixed Platforms.Build.0 = Debug|Any CPU
		{86EBF1D5-DF9B-49BD-809D-6A5FC8DA19FD}.Debug|x86.ActiveCfg = Debug|Any CPU
		{86EBF1D5-DF9B-49BD-809D-6A5FC8DA19FD}.Release|Any CPU.ActiveCfg = Release|Any CPU
		{86EBF1D5-DF9B-49BD-809D-6A5FC8DA19FD}.Release|Any CPU.Build.0 = Release|Any CPU
		{86EBF1D5-DF9B-49BD-809D-6A5FC8DA19FD}.Release|Mixed Platforms.ActiveCfg = Release|Any CPU
		{86EBF1D5-DF9B-49BD-809D-6A5FC8DA19FD}.Release|Mixed Platforms.Build.0 = Release|Any CPU
		{86EBF1D5-DF9B-49BD-809D-6A5FC8DA19FD}.Release|x86.ActiveCfg = Release|Any CPU
		{FFAE6101-8FEC-4DDF-A01D-825105CEEE18}.Debug|Any CPU.ActiveCfg = Debug|x86
		{FFAE6101-8FEC-4DDF-A01D-825105CEEE18}.Debug|Mixed Platforms.ActiveCfg = Debug|x86
		{FFAE6101-8FEC-4DDF-A01D-825105CEEE18}.Debug|Mixed Platforms.Build.0 = Debug|x86
		{FFAE6101-8FEC-4DDF-A01D-825105CEEE18}.Debug|x86.ActiveCfg = Debug|x86
		{FFAE6101-8FEC-4DDF-A01D-825105CEEE18}.Debug|x86.Build.0 = Debug|x86
		{FFAE6101-8FEC-4DDF-A01D-825105CEEE18}.Release|Any CPU.ActiveCfg = Release|x86
		{FFAE6101-8FEC-4DDF-A01D-825105CEEE18}.Release|Mixed Platforms.ActiveCfg = Release|x86
		{FFAE6101-8FEC-4DDF-A01D-825105CEEE18}.Release|Mixed Platforms.Build.0 = Release|x86
		{FFAE6101-8FEC-4DDF-A01D-825105CEEE18}.Release|x86.ActiveCfg = Release|x86
		{FFAE6101-8FEC-4DDF-A01D-825105CEEE18}.Release|x86.Build.0 = Release|x86
	EndGlobalSection
	GlobalSection(SolutionProperties) = preSolution
		HideSolutionNode = FALSE
	EndGlobalSection
EndGlobal
